
Microsoft Visual Studio Solution File, Format Version 12.00
# Visual Studio Version 16
VisualStudioVersion = 16.0.31613.86
MinimumVisualStudioVersion = 10.0.40219.1
Project("{FAE04EC0-301F-11D3-BF4B-00C04F79EFBC}") = "ecommerce-finalproject", "ecommerce-finalproject\ecommerce-finalproject.csproj", "{F9E9A5D2-0670-4CF5-9BA7-6F32434F4187}"
EndProject
Global
	GlobalSection(SolutionConfigurationPlatforms) = preSolution
		Debug|Any CPU = Debug|Any CPU
		Release|Any CPU = Release|Any CPU
	EndGlobalSection
	GlobalSection(ProjectConfigurationPlatforms) = postSolution
		{F9E9A5D2-0670-4CF5-9BA7-6F32434F4187}.Debug|Any CPU.ActiveCfg = Debug|Any CPU
		{F9E9A5D2-0670-4CF5-9BA7-6F32434F4187}.Debug|Any CPU.Build.0 = Debug|Any CPU
		{F9E9A5D2-0670-4CF5-9BA7-6F32434F4187}.Release|Any CPU.ActiveCfg = Release|Any CPU
		{F9E9A5D2-0670-4CF5-9BA7-6F32434F4187}.Release|Any CPU.Build.0 = Release|Any CPU
	EndGlobalSection
	GlobalSection(SolutionProperties) = preSolution
		HideSolutionNode = FALSE
	EndGlobalSection
	GlobalSection(ExtensibilityGlobals) = postSolution
		SolutionGuid = {DDD57422-CEB6-4B54-A1CF-7302E4F9E2D6}
	EndGlobalSection
EndGlobal
